
Microsoft Visual Studio Solution File, Format Version 12.00
# Visual Studio Version 17
VisualStudioVersion = 17.2.32210.308
MinimumVisualStudioVersion = 10.0.40219.1
Project("{9A19103F-16F7-4668-BE54-9A1E7A4F7556}") = "SymbolicLanguage.Tests", "SymbolicLanguage.Tests\SymbolicLanguage.Tests.csproj", "{F1B1CD33-FD62-4FEA-85E5-C6F55C4707DE}"
EndProject
Project("{9A19103F-16F7-4668-BE54-9A1E7A4F7556}") = "SymbolicLanguage", "SymbolicLanguage\SymbolicLanguage.csproj", "{5AA4A743-F894-4B71-AF92-D339935AA427}"
EndProject
Global
	GlobalSection(SolutionConfigurationPlatforms) = preSolution
		Debug|Any CPU = Debug|Any CPU
		Release|Any CPU = Release|Any CPU
	EndGlobalSection
	GlobalSection(ProjectConfigurationPlatforms) = postSolution
		{F1B1CD33-FD62-4FEA-85E5-C6F55C4707DE}.Debug|Any CPU.ActiveCfg = Debug|Any CPU
		{F1B1CD33-FD62-4FEA-85E5-C6F55C4707DE}.Debug|Any CPU.Build.0 = Debug|Any CPU
		{F1B1CD33-FD62-4FEA-85E5-C6F55C4707DE}.Release|Any CPU.ActiveCfg = Release|Any CPU
		{F1B1CD33-FD62-4FEA-85E5-C6F55C4707DE}.Release|Any CPU.Build.0 = Release|Any CPU
		{5AA4A743-F894-4B71-AF92-D339935AA427}.Debug|Any CPU.ActiveCfg = Debug|Any CPU
		{5AA4A743-F894-4B71-AF92-D339935AA427}.Debug|Any CPU.Build.0 = Debug|Any CPU
		{5AA4A743-F894-4B71-AF92-D339935AA427}.Release|Any CPU.ActiveCfg = Release|Any CPU
		{5AA4A743-F894-4B71-AF92-D339935AA427}.Release|Any CPU.Build.0 = Release|Any CPU
	EndGlobalSection
	GlobalSection(SolutionProperties) = preSolution
		HideSolutionNode = FALSE
	EndGlobalSection
	GlobalSection(ExtensibilityGlobals) = postSolution
		SolutionGuid = {9B8F6A2A-358A-4179-8D02-A330823B7869}
	EndGlobalSection
EndGlobal
